
Microsoft Visual Studio Solution File, Format Version 12.00
# Visual Studio Version 17
VisualStudioVersion = 17.5.33424.131
MinimumVisualStudioVersion = 10.0.40219.1
Project("{FAE04EC0-301F-11D3-BF4B-00C04F79EFBC}") = "MVC_Core2", "MVC_Core2\MVC_Core2.csproj", "{99F09F78-CD04-4D39-858F-5051097544D6}"
EndProject
Project("{FAE04EC0-301F-11D3-BF4B-00C04F79EFBC}") = "EFTool_MVC", "EFTool_MVC\EFTool_MVC.csproj", "{89C9E05C-0592-4A42-9316-43591E71E596}"
EndProject
Global
	GlobalSection(SolutionConfigurationPlatforms) = preSolution
		Debug|Any CPU = Debug|Any CPU
		Release|Any CPU = Release|Any CPU
	EndGlobalSection
	GlobalSection(ProjectConfigurationPlatforms) = postSolution
		{99F09F78-CD04-4D39-858F-5051097544D6}.Debug|Any CPU.ActiveCfg = Debug|Any CPU
		{99F09F78-CD04-4D39-858F-5051097544D6}.Debug|Any CPU.Build.0 = Debug|Any CPU
		{99F09F78-CD04-4D39-858F-5051097544D6}.Release|Any CPU.ActiveCfg = Release|Any CPU
		{99F09F78-CD04-4D39-858F-5051097544D6}.Release|Any CPU.Build.0 = Release|Any CPU
		{89C9E05C-0592-4A42-9316-43591E71E596}.Debug|Any CPU.ActiveCfg = Debug|Any CPU
		{89C9E05C-0592-4A42-9316-43591E71E596}.Debug|Any CPU.Build.0 = Debug|Any CPU
		{89C9E05C-0592-4A42-9316-43591E71E596}.Release|Any CPU.ActiveCfg = Release|Any CPU
		{89C9E05C-0592-4A42-9316-43591E71E596}.Release|Any CPU.Build.0 = Release|Any CPU
	EndGlobalSection
	GlobalSection(SolutionProperties) = preSolution
		HideSolutionNode = FALSE
	EndGlobalSection
	GlobalSection(ExtensibilityGlobals) = postSolution
		SolutionGuid = {544B9FB1-033B-4BD1-BDB9-5B21DB5E24DB}
	EndGlobalSection
EndGlobal
