
Microsoft Visual Studio Solution File, Format Version 12.00
# Visual Studio Version 17
VisualStudioVersion = 17.5.33424.131
MinimumVisualStudioVersion = 10.0.40219.1
Project("{FAE04EC0-301F-11D3-BF4B-00C04F79EFBC}") = "ITIDBASS1", "ITIDBASS1\ITIDBASS1.csproj", "{1BA3ED67-7BC2-4B62-AD5A-7660ECAF4C95}"
EndProject
Project("{FAE04EC0-301F-11D3-BF4B-00C04F79EFBC}") = "InnerHtml", "InnerHtml\InnerHtml.csproj", "{F636F148-D68B-4A74-8B5F-89721F9F91E5}"
EndProject
Global
	GlobalSection(SolutionConfigurationPlatforms) = preSolution
		Debug|Any CPU = Debug|Any CPU
		Release|Any CPU = Release|Any CPU
	EndGlobalSection
	GlobalSection(ProjectConfigurationPlatforms) = postSolution
		{1BA3ED67-7BC2-4B62-AD5A-7660ECAF4C95}.Debug|Any CPU.ActiveCfg = Debug|Any CPU
		{1BA3ED67-7BC2-4B62-AD5A-7660ECAF4C95}.Debug|Any CPU.Build.0 = Debug|Any CPU
		{1BA3ED67-7BC2-4B62-AD5A-7660ECAF4C95}.Release|Any CPU.ActiveCfg = Release|Any CPU
		{1BA3ED67-7BC2-4B62-AD5A-7660ECAF4C95}.Release|Any CPU.Build.0 = Release|Any CPU
		{F636F148-D68B-4A74-8B5F-89721F9F91E5}.Debug|Any CPU.ActiveCfg = Debug|Any CPU
		{F636F148-D68B-4A74-8B5F-89721F9F91E5}.Debug|Any CPU.Build.0 = Debug|Any CPU
		{F636F148-D68B-4A74-8B5F-89721F9F91E5}.Release|Any CPU.ActiveCfg = Release|Any CPU
		{F636F148-D68B-4A74-8B5F-89721F9F91E5}.Release|Any CPU.Build.0 = Release|Any CPU
	EndGlobalSection
	GlobalSection(SolutionProperties) = preSolution
		HideSolutionNode = FALSE
	EndGlobalSection
	GlobalSection(ExtensibilityGlobals) = postSolution
		SolutionGuid = {AAC850E9-6C5D-4A31-AF5A-F0B0809C8A33}
	EndGlobalSection
EndGlobal
